<?xml version="1.0" encoding="utf-8"?>
<Project ToolsVersion="4.0" xmlns="http://schemas.microsoft.com/developer/msbuild/2003">
  <ItemGroup>
    <Filter Include="源文件">
      <UniqueIdentifier>{4FC737F1-C7A5-4376-A066-2A32D752A2FF}</UniqueIdentifier>
      <Extensions>cpp;c;cc;cxx;def;odl;idl;hpj;bat;asm;asmx</Extensions>
    </Filter>
    <Filter Include="头文件">
      <UniqueIdentifier>{93995380-89BD-4b04-88EB-625FBE52EBFB}</UniqueIdentifier>
      <Extensions>h;hpp;hxx;hm;inl;inc;xsd</Extensions>
    </Filter>
    <Filter Include="资源文件">
      <UniqueIdentifier>{67DA6AB6-F800-4c08-8B7A-83BB121AAD01}</UniqueIdentifier>
      <Extensions>rc;ico;cur;bmp;dlg;rc2;rct;bin;rgs;gif;jpg;jpeg;jpe;resx;tiff;tif;png;wav;mfcribbon-ms</Extensions>
    </Filter>
  </ItemGroup>
  <ItemGroup>
    <None Include="ReadMe.txt" />
    <None Include="res\RemoteMan.rc2">
      <Filter>资源文件</Filter>
    </None>
    <None Include="res\RemoteMan.ico">
      <Filter>资源文件</Filter>
    </None>
    <None Include="res\icon1.ico">
      <Filter>资源文件</Filter>
    </None>
    <None Include="res\AddNode.ico">
      <Filter>资源文件</Filter>
    </None>
    <None Include="res\Del.ico">
      <Filter>资源文件</Filter>
    </None>
    <None Include="res\DelNode.ico">
      <Filter>资源文件</Filter>
    </None>
    <None Include="res\PC.ico">
      <Filter>资源文件</Filter>
    </None>
    <None Include="res\Radmin.ico">
      <Filter>资源文件</Filter>
    </None>
    <None Include="res\Edit.ico">
      <Filter>资源文件</Filter>
    </None>
    <None Include="res\Err.ico">
      <Filter>资源文件</Filter>
    </None>
    <None Include="res\Find.ico">
      <Filter>资源文件</Filter>
    </None>
    <None Include="res\Inter.ico">
      <Filter>资源文件</Filter>
    </None>
    <None Include="res\Ok.ico">
      <Filter>资源文件</Filter>
    </None>
    <None Include="res\Open.ico">
      <Filter>资源文件</Filter>
    </None>
    <None Include="res\SET.ico">
      <Filter>资源文件</Filter>
    </None>
    <None Include="res\SSH.ico">
      <Filter>资源文件</Filter>
    </None>
    <None Include="res\icon3.ico">
      <Filter>资源文件</Filter>
    </None>
    <None Include="res\mstsc_101.ico">
      <Filter>资源文件</Filter>
    </None>
    <None Include="res\NodeClose.ico">
      <Filter>资源文件</Filter>
    </None>
    <None Include="res\NodeOpen.ico">
      <Filter>资源文件</Filter>
    </None>
    <None Include="res\icon2.ico">
      <Filter>资源文件</Filter>
    </None>
    <None Include="res\VNC.ico">
      <Filter>资源文件</Filter>
    </None>
  </ItemGroup>
  <ItemGroup>
    <ClInclude Include="RemoteMan.h">
      <Filter>头文件</Filter>
    </ClInclude>
    <ClInclude Include="RemoteManDlg.h">
      <Filter>头文件</Filter>
    </ClInclude>
    <ClInclude Include="stdafx.h">
      <Filter>头文件</Filter>
    </ClInclude>
    <ClInclude Include="targetver.h">
      <Filter>头文件</Filter>
    </ClInclude>
    <ClInclude Include="Resource.h">
      <Filter>头文件</Filter>
    </ClInclude>
    <ClInclude Include="SysSetDlg.h">
      <Filter>头文件</Filter>
    </ClInclude>
    <ClInclude Include="AddGroupDlg.h">
      <Filter>头文件</Filter>
    </ClInclude>
    <ClInclude Include="AddHostDlg.h">
      <Filter>头文件</Filter>
    </ClInclude>
    <ClInclude Include="InputPasswordDlg.h">
      <Filter>头文件</Filter>
    </ClInclude>
    <ClInclude Include="Aes.h">
      <Filter>头文件</Filter>
    </ClInclude>
    <ClInclude Include="CodeConverter.h">
      <Filter>头文件</Filter>
    </ClInclude>
    <ClInclude Include="FileDialogEx.h">
      <Filter>头文件</Filter>
    </ClInclude>
    <ClInclude Include="DimEdit.h">
      <Filter>头文件</Filter>
    </ClInclude>
  </ItemGroup>
  <ItemGroup>
    <ClCompile Include="RemoteMan.cpp">
      <Filter>源文件</Filter>
    </ClCompile>
    <ClCompile Include="RemoteManDlg.cpp">
      <Filter>源文件</Filter>
    </ClCompile>
    <ClCompile Include="stdafx.cpp">
      <Filter>源文件</Filter>
    </ClCompile>
    <ClCompile Include="SysSetDlg.cpp">
      <Filter>源文件</Filter>
    </ClCompile>
    <ClCompile Include="AddGroupDlg.cpp">
      <Filter>源文件</Filter>
    </ClCompile>
    <ClCompile Include="AddHostDlg.cpp">
      <Filter>源文件</Filter>
    </ClCompile>
    <ClCompile Include="InputPasswordDlg.cpp">
      <Filter>源文件</Filter>
    </ClCompile>
    <ClCompile Include="Aes.cpp">
      <Filter>源文件</Filter>
    </ClCompile>
    <ClCompile Include="CodeConverter.cpp">
      <Filter>源文件</Filter>
    </ClCompile>
    <ClCompile Include="FileDialogEx.cpp">
      <Filter>源文件</Filter>
    </ClCompile>
    <ClCompile Include="DimEdit.cpp">
      <Filter>源文件</Filter>
    </ClCompile>
    <ClCompile Include="sqlite3.c">
      <Filter>源文件</Filter>
    </ClCompile>
  </ItemGroup>
  <ItemGroup>
    <ResourceCompile Include="RemoteMan.rc">
      <Filter>资源文件</Filter>
    </ResourceCompile>
  </ItemGroup>
  <ItemGroup>
    <Manifest Include="res\XPStyle.manifest" />
  </ItemGroup>
</Project>